<?xml version="1.0" encoding="utf-8"?>
<Project ToolsVersion="4.0" xmlns="http://schemas.microsoft.com/developer/msbuild/2003">
  <ItemGroup>
    <Filter Include="Core">
      <UniqueIdentifier>{b94ef548-355d-4579-b172-1d876d40e26e}</UniqueIdentifier>
    </Filter>
    <Filter Include="Game">
      <UniqueIdentifier>{4de0c1b1-6adc-40f1-9bc5-7e2ba61d98ce}</UniqueIdentifier>
    </Filter>
    <Filter Include="Graphics">
      <UniqueIdentifier>{bf53a9e3-8585-49dc-b5bc-64584e8c7115}</UniqueIdentifier>
    </Filter>
    <Filter Include="Graphics\Shaders">
      <UniqueIdentifier>{805ced59-a7b3-49ce-ab05-b4a278e3fbd6}</UniqueIdentifier>
    </Filter>
  </ItemGroup>
  <ItemGroup>
    <ClInclude Include="Hero.h">
      <Filter>Game</Filter>
    </ClInclude>
    <ClInclude Include="Wall.h">
      <Filter>Game</Filter>
    </ClInclude>
    <ClInclude Include="ListLockable.hpp">
      <Filter>Core</Filter>
    </ClInclude>
    <ClInclude Include="Object.h">
      <Filter>Game</Filter>
    </ClInclude>
    <ClInclude Include="TreeLockable.hpp">
      <Filter>Core</Filter>
    </ClInclude>
    <ClInclude Include="Game.h">
      <Filter>Game</Filter>
    </ClInclude>
    <ClInclude Include="Shader.h">
      <Filter>Graphics</Filter>
    </ClInclude>
    <ClInclude Include="Arena.h">
      <Filter>Game</Filter>
    </ClInclude>
    <ClInclude Include="InputHandler.hpp">
      <Filter>Graphics</Filter>
    </ClInclude>
    <ClInclude Include="Render.h">
      <Filter>Graphics</Filter>
    </ClInclude>
    <ClInclude Include="Texture.h">
      <Filter>Graphics</Filter>
    </ClInclude>
    <ClInclude Include="WallBlock.h">
      <Filter>Game</Filter>
    </ClInclude>
    <ClInclude Include="Camera.h">
      <Filter>Graphics</Filter>
    </ClInclude>
    <ClInclude Include="ModelObject.h">
      <Filter>Graphics</Filter>
    </ClInclude>
    <ClInclude Include="MainWindow.h">
      <Filter>Graphics</Filter>
    </ClInclude>
  </ItemGroup>
  <ItemGroup>
    <ClCompile Include="Core.cpp">
      <Filter>Core</Filter>
    </ClCompile>
    <ClCompile Include="Hero.cpp">
      <Filter>Game</Filter>
    </ClCompile>
    <ClCompile Include="Wall.cpp">
      <Filter>Game</Filter>
    </ClCompile>
    <ClCompile Include="Game.cpp">
      <Filter>Game</Filter>
    </ClCompile>
    <ClCompile Include="Shader.cpp">
      <Filter>Graphics</Filter>
    </ClCompile>
    <ClCompile Include="Render.cpp">
      <Filter>Graphics</Filter>
    </ClCompile>
    <ClCompile Include="Texture.cpp">
      <Filter>Graphics</Filter>
    </ClCompile>
    <ClCompile Include="Arena.cpp">
      <Filter>Game</Filter>
    </ClCompile>
    <ClCompile Include="WallBlock.cpp">
      <Filter>Game</Filter>
    </ClCompile>
    <ClCompile Include="Camera.cpp">
      <Filter>Graphics</Filter>
    </ClCompile>
    <ClCompile Include="ModelObject.cpp">
      <Filter>Graphics</Filter>
    </ClCompile>
    <ClCompile Include="Object.cpp">
      <Filter>Game</Filter>
    </ClCompile>
    <ClCompile Include="MainWindom.cpp">
      <Filter>Graphics</Filter>
    </ClCompile>
  </ItemGroup>
  <ItemGroup>
    <None Include="ListProcessable.hpp">
      <Filter>Core</Filter>
    </None>
    <None Include="Shaders\Background.frag">
      <Filter>Graphics\Shaders</Filter>
    </None>
    <None Include="Shaders\Background.vs">
      <Filter>Graphics\Shaders</Filter>
    </None>
    <None Include="Shaders\Model.vs">
      <Filter>Graphics\Shaders</Filter>
    </None>
    <None Include="Shaders\Projectile.frag">
      <Filter>Graphics\Shaders</Filter>
    </None>
    <None Include="Shaders\Projectile.vs">
      <Filter>Graphics\Shaders</Filter>
    </None>
    <None Include="Shaders\Platform.frag">
      <Filter>Graphics\Shaders</Filter>
    </None>
    <None Include="Shaders\Platform.vs">
      <Filter>Graphics\Shaders</Filter>
    </None>
    <None Include="Shaders\Model.frag">
      <Filter>Graphics\Shaders</Filter>
    </None>
  </ItemGroup>
</Project>