<?xml version="1.0" encoding="utf-8"?>
<Project ToolsVersion="4.0" xmlns="http://schemas.microsoft.com/developer/msbuild/2003">
  <ItemGroup>
    <Filter Include="Core">
      <UniqueIdentifier>{b94ef548-355d-4579-b172-1d876d40e26e}</UniqueIdentifier>
    </Filter>
    <Filter Include="Game">
      <UniqueIdentifier>{4de0c1b1-6adc-40f1-9bc5-7e2ba61d98ce}</UniqueIdentifier>
    </Filter>
    <Filter Include="Graphics">
      <UniqueIdentifier>{bf53a9e3-8585-49dc-b5bc-64584e8c7115}</UniqueIdentifier>
    </Filter>
    <Filter Include="Graphics\Shaders">
      <UniqueIdentifier>{805ced59-a7b3-49ce-ab05-b4a278e3fbd6}</UniqueIdentifier>
    </Filter>
    <Filter Include="Network">
      <UniqueIdentifier>{fca948b7-668f-4156-900b-2cca2ba23be7}</UniqueIdentifier>
    </Filter>
    <Filter Include="Stages">
      <UniqueIdentifier>{e1fa2bbb-ea3d-4c97-b5ae-1cda732722ff}</UniqueIdentifier>
    </Filter>
  </ItemGroup>
  <ItemGroup>
    <ClInclude Include="Source\Core\BSP_Tree.hpp">
      <Filter>Core</Filter>
    </ClInclude>
    <ClInclude Include="Source\Game\Arena.h">
      <Filter>Game</Filter>
    </ClInclude>
    <ClInclude Include="Source\Game\Game.h">
      <Filter>Game</Filter>
    </ClInclude>
    <ClInclude Include="Source\Game\Hero.h">
      <Filter>Game</Filter>
    </ClInclude>
    <ClInclude Include="Source\Game\Wall.h">
      <Filter>Game</Filter>
    </ClInclude>
    <ClInclude Include="Source\Graphics\Camera.h">
      <Filter>Graphics</Filter>
    </ClInclude>
    <ClInclude Include="Source\Graphics\Shader.h">
      <Filter>Graphics</Filter>
    </ClInclude>
    <ClInclude Include="Source\Graphics\Texture.h">
      <Filter>Graphics</Filter>
    </ClInclude>
    <ClInclude Include="Source\Core\List_Lockable.hpp">
      <Filter>Core</Filter>
    </ClInclude>
    <ClInclude Include="Source\Core\List_Processable.hpp">
      <Filter>Core</Filter>
    </ClInclude>
    <ClInclude Include="Source\Core\List_Separatable.hpp">
      <Filter>Core</Filter>
    </ClInclude>
    <ClInclude Include="Source\Core\Logger.h">
      <Filter>Core</Filter>
    </ClInclude>
    <ClInclude Include="Source\Game\Stage.h">
      <Filter>Game</Filter>
    </ClInclude>
    <ClInclude Include="Source\Core\Processor.h">
      <Filter>Core</Filter>
    </ClInclude>
    <ClInclude Include="Source\Core\Generator.h">
      <Filter>Core</Filter>
    </ClInclude>
    <ClInclude Include="Source\Network\Gateway.h">
      <Filter>Network</Filter>
    </ClInclude>
    <ClInclude Include="Source\Core\Configuration.h">
      <Filter>Core</Filter>
    </ClInclude>
    <ClInclude Include="Source\Network\Packet.h">
      <Filter>Network</Filter>
    </ClInclude>
    <ClInclude Include="Source\Network\Connection.h">
      <Filter>Network</Filter>
    </ClInclude>
    <ClInclude Include="Source\Graphics\Renderer.h">
      <Filter>Graphics</Filter>
    </ClInclude>
    <ClInclude Include="Source\Graphics\Renderer_Game.h">
      <Filter>Graphics</Filter>
    </ClInclude>
    <ClInclude Include="Source\Graphics\Renderer_Menu.h">
      <Filter>Graphics</Filter>
    </ClInclude>
    <ClInclude Include="Source\Graphics\Renderer_Lobby.h">
      <Filter>Graphics</Filter>
    </ClInclude>
    <ClInclude Include="Source\Graphics\Graphics.h">
      <Filter>Graphics</Filter>
    </ClInclude>
    <ClInclude Include="Source\Game\Game_Local.h">
      <Filter>Game</Filter>
    </ClInclude>
    <ClInclude Include="Source\Game\Game_Client.h">
      <Filter>Game</Filter>
    </ClInclude>
    <ClInclude Include="Source\Game\Game_Server.h">
      <Filter>Game</Filter>
    </ClInclude>
    <ClInclude Include="Source\Game\Lobby.h">
      <Filter>Game</Filter>
    </ClInclude>
    <ClInclude Include="Source\Network\Connection_Client.h">
      <Filter>Network</Filter>
    </ClInclude>
    <ClInclude Include="Source\Network\Connection_Server.h">
      <Filter>Network</Filter>
    </ClInclude>
    <ClInclude Include="Source\Stages\Stage_Handler.h">
      <Filter>Stages</Filter>
    </ClInclude>
    <ClInclude Include="Source\Stages\Stage.h">
      <Filter>Stages</Filter>
    </ClInclude>
    <ClInclude Include="Source\Stages\Stage_Menu.h">
      <Filter>Stages</Filter>
    </ClInclude>
    <ClInclude Include="Source\Stages\Stage_Server.h">
      <Filter>Stages</Filter>
    </ClInclude>
    <ClInclude Include="Source\Stages\Stage_Client.h">
      <Filter>Stages</Filter>
    </ClInclude>
    <ClInclude Include="Source\Stages\Stage_Local.h">
      <Filter>Stages</Filter>
    </ClInclude>
    <ClInclude Include="Source\Core\State_Buffer.hpp">
      <Filter>Core</Filter>
    </ClInclude>
    <ClInclude Include="Source\Game\Object.hpp">
      <Filter>Game</Filter>
    </ClInclude>
    <ClInclude Include="Source\Game\Collision.h">
      <Filter>Game</Filter>
    </ClInclude>
    <ClInclude Include="Source\Graphics\Representation.h">
      <Filter>Graphics</Filter>
    </ClInclude>
    <ClInclude Include="Source\Game\Descriptor.h">
      <Filter>Game</Filter>
    </ClInclude>
  </ItemGroup>
  <ItemGroup>
    <ClCompile Include="Source\Core\Core.cpp">
      <Filter>Core</Filter>
    </ClCompile>
    <ClCompile Include="Source\Game\Arena.cpp">
      <Filter>Game</Filter>
    </ClCompile>
    <ClCompile Include="Source\Game\Game.cpp">
      <Filter>Game</Filter>
    </ClCompile>
    <ClCompile Include="Source\Game\Hero.cpp">
      <Filter>Game</Filter>
    </ClCompile>
    <ClCompile Include="Source\Game\Object.cpp">
      <Filter>Game</Filter>
    </ClCompile>
    <ClCompile Include="Source\Game\Wall.cpp">
      <Filter>Game</Filter>
    </ClCompile>
    <ClCompile Include="Source\Graphics\Camera.cpp">
      <Filter>Graphics</Filter>
    </ClCompile>
    <ClCompile Include="Source\Graphics\Shader.cpp">
      <Filter>Graphics</Filter>
    </ClCompile>
    <ClCompile Include="Source\Graphics\Texture.cpp">
      <Filter>Graphics</Filter>
    </ClCompile>
    <ClCompile Include="Source\Core\Logger.cpp">
      <Filter>Core</Filter>
    </ClCompile>
    <ClCompile Include="Source\Core\Processor.cpp">
      <Filter>Core</Filter>
    </ClCompile>
    <ClCompile Include="Source\Core\Generator.cpp">
      <Filter>Core</Filter>
    </ClCompile>
    <ClCompile Include="Source\Core\Configuration.cpp">
      <Filter>Core</Filter>
    </ClCompile>
    <ClCompile Include="Source\Network\Gateway.cpp">
      <Filter>Network</Filter>
    </ClCompile>
    <ClCompile Include="Source\Network\Packet.cpp">
      <Filter>Network</Filter>
    </ClCompile>
    <ClCompile Include="Source\Network\Connection.cpp">
      <Filter>Network</Filter>
    </ClCompile>
    <ClCompile Include="Source\Network\Connection_Client.cpp">
      <Filter>Network</Filter>
    </ClCompile>
    <ClCompile Include="Source\Network\Connection_Server.cpp">
      <Filter>Network</Filter>
    </ClCompile>
    <ClCompile Include="Source\Game\Game_Local.cpp">
      <Filter>Game</Filter>
    </ClCompile>
    <ClCompile Include="Source\Game\Game_Server.cpp">
      <Filter>Game</Filter>
    </ClCompile>
    <ClCompile Include="Source\Game\Game_Client.cpp">
      <Filter>Game</Filter>
    </ClCompile>
    <ClCompile Include="Source\Graphics\Renderer_Game.cpp">
      <Filter>Graphics</Filter>
    </ClCompile>
    <ClCompile Include="Source\Core\Configuration_Defaults.cpp">
      <Filter>Core</Filter>
    </ClCompile>
    <ClCompile Include="Source\Graphics\Renderer_Menu.cpp">
      <Filter>Graphics</Filter>
    </ClCompile>
    <ClCompile Include="Source\Graphics\Renderer_Lobby.cpp">
      <Filter>Graphics</Filter>
    </ClCompile>
    <ClCompile Include="Source\Graphics\Graphics.cpp">
      <Filter>Graphics</Filter>
    </ClCompile>
    <ClCompile Include="Source\Game\Lobby.cpp">
      <Filter>Game</Filter>
    </ClCompile>
    <ClCompile Include="Source\Stages\Stage_Handler.cpp">
      <Filter>Stages</Filter>
    </ClCompile>
    <ClCompile Include="Source\Stages\Stage.cpp">
      <Filter>Stages</Filter>
    </ClCompile>
    <ClCompile Include="Source\Stages\Stage_Menu.cpp">
      <Filter>Stages</Filter>
    </ClCompile>
    <ClCompile Include="Source\Stages\Stage_Server.cpp">
      <Filter>Stages</Filter>
    </ClCompile>
    <ClCompile Include="Source\Stages\Stage_Client.cpp">
      <Filter>Stages</Filter>
    </ClCompile>
    <ClCompile Include="Source\Stages\Stage_Local.cpp">
      <Filter>Stages</Filter>
    </ClCompile>
    <ClCompile Include="Source\Game\Collision.cpp">
      <Filter>Game</Filter>
    </ClCompile>
  </ItemGroup>
  <ItemGroup>
    <None Include="Shaders\Background.frag">
      <Filter>Graphics\Shaders</Filter>
    </None>
    <None Include="Shaders\Background.vs">
      <Filter>Graphics\Shaders</Filter>
    </None>
    <None Include="Shaders\Projectile.frag">
      <Filter>Graphics\Shaders</Filter>
    </None>
    <None Include="Shaders\Projectile.vs">
      <Filter>Graphics\Shaders</Filter>
    </None>
    <None Include="Shaders\Hero.frag">
      <Filter>Graphics\Shaders</Filter>
    </None>
    <None Include="Shaders\Hero.vs">
      <Filter>Graphics\Shaders</Filter>
    </None>
    <None Include="Shaders\Wall.frag">
      <Filter>Graphics\Shaders</Filter>
    </None>
    <None Include="Shaders\Wall.vs">
      <Filter>Graphics\Shaders</Filter>
    </None>
    <None Include="Source\Macro" />
    <None Include="Shaders\Text.vs">
      <Filter>Graphics\Shaders</Filter>
    </None>
    <None Include="Shaders\Text.frag">
      <Filter>Graphics\Shaders</Filter>
    </None>
  </ItemGroup>
</Project>